
Microsoft Visual Studio Solution File, Format Version 12.00
# Visual Studio Version 16
VisualStudioVersion = 16.0.29519.181
MinimumVisualStudioVersion = 10.0.40219.1
Project("{FAE04EC0-301F-11D3-BF4B-00C04F79EFBC}") = "Gerenciador de Projetos", "Gerenciador de Projetos\Gerenciador de Projetos.csproj", "{4F54C780-4D1B-4CBB-A332-D362F8BE356C}"
EndProject
Global
	GlobalSection(SolutionConfigurationPlatforms) = preSolution
		Debug|Any CPU = Debug|Any CPU
		Release|Any CPU = Release|Any CPU
	EndGlobalSection
	GlobalSection(ProjectConfigurationPlatforms) = postSolution
		{4F54C780-4D1B-4CBB-A332-D362F8BE356C}.Debug|Any CPU.ActiveCfg = Debug|Any CPU
		{4F54C780-4D1B-4CBB-A332-D362F8BE356C}.Debug|Any CPU.Build.0 = Debug|Any CPU
		{4F54C780-4D1B-4CBB-A332-D362F8BE356C}.Release|Any CPU.ActiveCfg = Release|Any CPU
		{4F54C780-4D1B-4CBB-A332-D362F8BE356C}.Release|Any CPU.Build.0 = Release|Any CPU
	EndGlobalSection
	GlobalSection(SolutionProperties) = preSolution
		HideSolutionNode = FALSE
	EndGlobalSection
	GlobalSection(ExtensibilityGlobals) = postSolution
		SolutionGuid = {3AE7DA71-D02D-4C23-B89F-47D20FA3A631}
	EndGlobalSection
EndGlobal
